// !$*UTF8*$!
{
	archiveVersion = 1;
	classes = {
	};
	objectVersion = 56;
	objects = {

/* Begin PBXBuildFile section */
		9B09B3EE2A6E995C002B4DA3 /* ShowingView.swift in Sources */ = {isa = PBXBuildFile; fileRef = 9B09B3ED2A6E995C002B4DA3 /* ShowingView.swift */; };
		9B09B3F22A6E998C002B4DA3 /* TestCustomShape.swift in Sources */ = {isa = PBXBuildFile; fileRef = 9B09B3F12A6E998C002B4DA3 /* TestCustomShape.swift */; };
		9B09B3F52A6EBBEB002B4DA3 /* IdModifierTest.swift in Sources */ = {isa = PBXBuildFile; fileRef = 9B09B3F42A6EBBEB002B4DA3 /* IdModifierTest.swift */; };
		9B30AA5E2A75230A00A8A1FD /* MaskTest.swift in Sources */ = {isa = PBXBuildFile; fileRef = 9B30AA5D2A75230A00A8A1FD /* MaskTest.swift */; };
		9B6357342A7943FB00098F98 /* monospaced.swift in Sources */ = {isa = PBXBuildFile; fileRef = 9B6357332A7943FB00098F98 /* monospaced.swift */; };
		9B7144AE2A9CD25700D7B21D /* CustomTabView.swift in Sources */ = {isa = PBXBuildFile; fileRef = 9B7144AD2A9CD25700D7B21D /* CustomTabView.swift */; };
		9B78F8BE2A8D164900207C98 /* HierarchyUpdateTestView.swift in Sources */ = {isa = PBXBuildFile; fileRef = 9B78F8BD2A8D164900207C98 /* HierarchyUpdateTestView.swift */; };
		9B864F4C2A6A7B09002E7C31 /* SwiftUITestProjectApp.swift in Sources */ = {isa = PBXBuildFile; fileRef = 9B864F4B2A6A7B09002E7C31 /* SwiftUITestProjectApp.swift */; };
		9B864F4E2A6A7B09002E7C31 /* ContentView.swift in Sources */ = {isa = PBXBuildFile; fileRef = 9B864F4D2A6A7B09002E7C31 /* ContentView.swift */; };
		9B864F502A6A7B0A002E7C31 /* Assets.xcassets in Resources */ = {isa = PBXBuildFile; fileRef = 9B864F4F2A6A7B0A002E7C31 /* Assets.xcassets */; };
		9B864F532A6A7B0A002E7C31 /* Preview Assets.xcassets in Resources */ = {isa = PBXBuildFile; fileRef = 9B864F522A6A7B0A002E7C31 /* Preview Assets.xcassets */; };
		9B864F5D2A6A7B0B002E7C31 /* SwiftUITestProjectTests.swift in Sources */ = {isa = PBXBuildFile; fileRef = 9B864F5C2A6A7B0B002E7C31 /* SwiftUITestProjectTests.swift */; };
		9B864F672A6A7B0B002E7C31 /* SwiftUITestProjectUITests.swift in Sources */ = {isa = PBXBuildFile; fileRef = 9B864F662A6A7B0B002E7C31 /* SwiftUITestProjectUITests.swift */; };
		9B864F692A6A7B0B002E7C31 /* SwiftUITestProjectUITestsLaunchTests.swift in Sources */ = {isa = PBXBuildFile; fileRef = 9B864F682A6A7B0B002E7C31 /* SwiftUITestProjectUITestsLaunchTests.swift */; };
		9B864F792A6AA15F002E7C31 /* MessageDetail.swift in Sources */ = {isa = PBXBuildFile; fileRef = 9B864F782A6AA15F002E7C31 /* MessageDetail.swift */; };
		9B864F7B2A6AA19E002E7C31 /* Message.swift in Sources */ = {isa = PBXBuildFile; fileRef = 9B864F7A2A6AA19D002E7C31 /* Message.swift */; };
		9B88A3A62A6F7D2B0061A182 /* ClippedTest.swift in Sources */ = {isa = PBXBuildFile; fileRef = 9B88A3A52A6F7D2B0061A182 /* ClippedTest.swift */; };
/* End PBXBuildFile section */

/* Begin PBXContainerItemProxy section */
		9B864F592A6A7B0B002E7C31 /* PBXContainerItemProxy */ = {
			isa = PBXContainerItemProxy;
			containerPortal = 9B864F402A6A7B09002E7C31 /* Project object */;
			proxyType = 1;
			remoteGlobalIDString = 9B864F472A6A7B09002E7C31;
			remoteInfo = SwiftUITestProject;
		};
		9B864F632A6A7B0B002E7C31 /* PBXContainerItemProxy */ = {
			isa = PBXContainerItemProxy;
			containerPortal = 9B864F402A6A7B09002E7C31 /* Project object */;
			proxyType = 1;
			remoteGlobalIDString = 9B864F472A6A7B09002E7C31;
			remoteInfo = SwiftUITestProject;
		};
/* End PBXContainerItemProxy section */

/* Begin PBXFileReference section */
		9B09B3ED2A6E995C002B4DA3 /* ShowingView.swift */ = {isa = PBXFileReference; lastKnownFileType = sourcecode.swift; path = ShowingView.swift; sourceTree = "<group>"; };
		9B09B3F12A6E998C002B4DA3 /* TestCustomShape.swift */ = {isa = PBXFileReference; lastKnownFileType = sourcecode.swift; path = TestCustomShape.swift; sourceTree = "<group>"; };
		9B09B3F42A6EBBEB002B4DA3 /* IdModifierTest.swift */ = {isa = PBXFileReference; lastKnownFileType = sourcecode.swift; path = IdModifierTest.swift; sourceTree = "<group>"; };
		9B30AA5D2A75230A00A8A1FD /* MaskTest.swift */ = {isa = PBXFileReference; lastKnownFileType = sourcecode.swift; path = MaskTest.swift; sourceTree = "<group>"; };
		9B6357332A7943FB00098F98 /* monospaced.swift */ = {isa = PBXFileReference; lastKnownFileType = sourcecode.swift; path = monospaced.swift; sourceTree = "<group>"; };
		9B7144AD2A9CD25700D7B21D /* CustomTabView.swift */ = {isa = PBXFileReference; lastKnownFileType = sourcecode.swift; path = CustomTabView.swift; sourceTree = "<group>"; };
		9B78F8BD2A8D164900207C98 /* HierarchyUpdateTestView.swift */ = {isa = PBXFileReference; lastKnownFileType = sourcecode.swift; path = HierarchyUpdateTestView.swift; sourceTree = "<group>"; };
		9B864F482A6A7B09002E7C31 /* SwiftUITestProject.app */ = {isa = PBXFileReference; explicitFileType = wrapper.application; includeInIndex = 0; path = SwiftUITestProject.app; sourceTree = BUILT_PRODUCTS_DIR; };
		9B864F4B2A6A7B09002E7C31 /* SwiftUITestProjectApp.swift */ = {isa = PBXFileReference; lastKnownFileType = sourcecode.swift; path = SwiftUITestProjectApp.swift; sourceTree = "<group>"; };
		9B864F4D2A6A7B09002E7C31 /* ContentView.swift */ = {isa = PBXFileReference; lastKnownFileType = sourcecode.swift; path = ContentView.swift; sourceTree = "<group>"; };
		9B864F4F2A6A7B0A002E7C31 /* Assets.xcassets */ = {isa = PBXFileReference; lastKnownFileType = folder.assetcatalog; path = Assets.xcassets; sourceTree = "<group>"; };
		9B864F522A6A7B0A002E7C31 /* Preview Assets.xcassets */ = {isa = PBXFileReference; lastKnownFileType = folder.assetcatalog; path = "Preview Assets.xcassets"; sourceTree = "<group>"; };
		9B864F582A6A7B0B002E7C31 /* SwiftUITestProjectTests.xctest */ = {isa = PBXFileReference; explicitFileType = wrapper.cfbundle; includeInIndex = 0; path = SwiftUITestProjectTests.xctest; sourceTree = BUILT_PRODUCTS_DIR; };
		9B864F5C2A6A7B0B002E7C31 /* SwiftUITestProjectTests.swift */ = {isa = PBXFileReference; lastKnownFileType = sourcecode.swift; path = SwiftUITestProjectTests.swift; sourceTree = "<group>"; };
		9B864F622A6A7B0B002E7C31 /* SwiftUITestProjectUITests.xctest */ = {isa = PBXFileReference; explicitFileType = wrapper.cfbundle; includeInIndex = 0; path = SwiftUITestProjectUITests.xctest; sourceTree = BUILT_PRODUCTS_DIR; };
		9B864F662A6A7B0B002E7C31 /* SwiftUITestProjectUITests.swift */ = {isa = PBXFileReference; lastKnownFileType = sourcecode.swift; path = SwiftUITestProjectUITests.swift; sourceTree = "<group>"; };
		9B864F682A6A7B0B002E7C31 /* SwiftUITestProjectUITestsLaunchTests.swift */ = {isa = PBXFileReference; lastKnownFileType = sourcecode.swift; path = SwiftUITestProjectUITestsLaunchTests.swift; sourceTree = "<group>"; };
		9B864F782A6AA15F002E7C31 /* MessageDetail.swift */ = {isa = PBXFileReference; lastKnownFileType = sourcecode.swift; path = MessageDetail.swift; sourceTree = "<group>"; };
		9B864F7A2A6AA19D002E7C31 /* Message.swift */ = {isa = PBXFileReference; lastKnownFileType = sourcecode.swift; path = Message.swift; sourceTree = "<group>"; };
		9B88A3A52A6F7D2B0061A182 /* ClippedTest.swift */ = {isa = PBXFileReference; lastKnownFileType = sourcecode.swift; path = ClippedTest.swift; sourceTree = "<group>"; };
/* End PBXFileReference section */

/* Begin PBXFrameworksBuildPhase section */
		9B864F452A6A7B09002E7C31 /* Frameworks */ = {
			isa = PBXFrameworksBuildPhase;
			buildActionMask = 2147483647;
			files = (
			);
			runOnlyForDeploymentPostprocessing = 0;
		};
		9B864F552A6A7B0B002E7C31 /* Frameworks */ = {
			isa = PBXFrameworksBuildPhase;
			buildActionMask = 2147483647;
			files = (
			);
			runOnlyForDeploymentPostprocessing = 0;
		};
		9B864F5F2A6A7B0B002E7C31 /* Frameworks */ = {
			isa = PBXFrameworksBuildPhase;
			buildActionMask = 2147483647;
			files = (
			);
			runOnlyForDeploymentPostprocessing = 0;
		};
/* End PBXFrameworksBuildPhase section */

/* Begin PBXGroup section */
		9B09B3EB2A6E993F002B4DA3 /* Animatable */ = {
			isa = PBXGroup;
			children = (
				9B09B3ED2A6E995C002B4DA3 /* ShowingView.swift */,
				9B09B3F12A6E998C002B4DA3 /* TestCustomShape.swift */,
			);
			path = Animatable;
			sourceTree = "<group>";
		};
		9B09B3F32A6EBB33002B4DA3 /* Modifier */ = {
			isa = PBXGroup;
			children = (
				9B09B3F42A6EBBEB002B4DA3 /* IdModifierTest.swift */,
				9B88A3A52A6F7D2B0061A182 /* ClippedTest.swift */,
				9B30AA5D2A75230A00A8A1FD /* MaskTest.swift */,
				9B6357332A7943FB00098F98 /* monospaced.swift */,
			);
			path = Modifier;
			sourceTree = "<group>";
		};
		9B7144AC2A9CBB7400D7B21D /* CustomTabView */ = {
			isa = PBXGroup;
			children = (
				9B7144AD2A9CD25700D7B21D /* CustomTabView.swift */,
			);
			path = CustomTabView;
			sourceTree = "<group>";
		};
		9B78F8BC2A8D162000207C98 /* ViewUpdateTest */ = {
			isa = PBXGroup;
			children = (
				9B78F8BD2A8D164900207C98 /* HierarchyUpdateTestView.swift */,
			);
			path = ViewUpdateTest;
			sourceTree = "<group>";
		};
		9B864F3F2A6A7B09002E7C31 = {
			isa = PBXGroup;
			children = (
				9B864F4A2A6A7B09002E7C31 /* SwiftUITestProject */,
				9B864F5B2A6A7B0B002E7C31 /* SwiftUITestProjectTests */,
				9B864F652A6A7B0B002E7C31 /* SwiftUITestProjectUITests */,
				9B864F492A6A7B09002E7C31 /* Products */,
			);
			sourceTree = "<group>";
		};
		9B864F492A6A7B09002E7C31 /* Products */ = {
			isa = PBXGroup;
			children = (
				9B864F482A6A7B09002E7C31 /* SwiftUITestProject.app */,
				9B864F582A6A7B0B002E7C31 /* SwiftUITestProjectTests.xctest */,
				9B864F622A6A7B0B002E7C31 /* SwiftUITestProjectUITests.xctest */,
			);
			name = Products;
			sourceTree = "<group>";
		};
		9B864F4A2A6A7B09002E7C31 /* SwiftUITestProject */ = {
			isa = PBXGroup;
			children = (
				9B7144AC2A9CBB7400D7B21D /* CustomTabView */,
				9B78F8BC2A8D162000207C98 /* ViewUpdateTest */,
				9B09B3F32A6EBB33002B4DA3 /* Modifier */,
				9B09B3EB2A6E993F002B4DA3 /* Animatable */,
				9B864F752A6AA13C002E7C31 /* WindowPractice */,
				9B864F4B2A6A7B09002E7C31 /* SwiftUITestProjectApp.swift */,
				9B864F4D2A6A7B09002E7C31 /* ContentView.swift */,
				9B864F4F2A6A7B0A002E7C31 /* Assets.xcassets */,
				9B864F512A6A7B0A002E7C31 /* Preview Content */,
			);
			path = SwiftUITestProject;
			sourceTree = "<group>";
		};
		9B864F512A6A7B0A002E7C31 /* Preview Content */ = {
			isa = PBXGroup;
			children = (
				9B864F522A6A7B0A002E7C31 /* Preview Assets.xcassets */,
			);
			path = "Preview Content";
			sourceTree = "<group>";
		};
		9B864F5B2A6A7B0B002E7C31 /* SwiftUITestProjectTests */ = {
			isa = PBXGroup;
			children = (
				9B864F5C2A6A7B0B002E7C31 /* SwiftUITestProjectTests.swift */,
			);
			path = SwiftUITestProjectTests;
			sourceTree = "<group>";
		};
		9B864F652A6A7B0B002E7C31 /* SwiftUITestProjectUITests */ = {
			isa = PBXGroup;
			children = (
				9B864F662A6A7B0B002E7C31 /* SwiftUITestProjectUITests.swift */,
				9B864F682A6A7B0B002E7C31 /* SwiftUITestProjectUITestsLaunchTests.swift */,
			);
			path = SwiftUITestProjectUITests;
			sourceTree = "<group>";
		};
		9B864F752A6AA13C002E7C31 /* WindowPractice */ = {
			isa = PBXGroup;
			children = (
				9B864F782A6AA15F002E7C31 /* MessageDetail.swift */,
				9B864F7A2A6AA19D002E7C31 /* Message.swift */,
			);
			path = WindowPractice;
			sourceTree = "<group>";
		};
/* End PBXGroup section */

/* Begin PBXNativeTarget section */
		9B864F472A6A7B09002E7C31 /* SwiftUITestProject */ = {
			isa = PBXNativeTarget;
			buildConfigurationList = 9B864F6C2A6A7B0B002E7C31 /* Build configuration list for PBXNativeTarget "SwiftUITestProject" */;
			buildPhases = (
				9B864F442A6A7B09002E7C31 /* Sources */,
				9B864F452A6A7B09002E7C31 /* Frameworks */,
				9B864F462A6A7B09002E7C31 /* Resources */,
			);
			buildRules = (
			);
			dependencies = (
			);
			name = SwiftUITestProject;
			productName = SwiftUITestProject;
			productReference = 9B864F482A6A7B09002E7C31 /* SwiftUITestProject.app */;
			productType = "com.apple.product-type.application";
		};
		9B864F572A6A7B0B002E7C31 /* SwiftUITestProjectTests */ = {
			isa = PBXNativeTarget;
			buildConfigurationList = 9B864F6F2A6A7B0B002E7C31 /* Build configuration list for PBXNativeTarget "SwiftUITestProjectTests" */;
			buildPhases = (
				9B864F542A6A7B0B002E7C31 /* Sources */,
				9B864F552A6A7B0B002E7C31 /* Frameworks */,
				9B864F562A6A7B0B002E7C31 /* Resources */,
			);
			buildRules = (
			);
			dependencies = (
				9B864F5A2A6A7B0B002E7C31 /* PBXTargetDependency */,
			);
			name = SwiftUITestProjectTests;
			productName = SwiftUITestProjectTests;
			productReference = 9B864F582A6A7B0B002E7C31 /* SwiftUITestProjectTests.xctest */;
			productType = "com.apple.product-type.bundle.unit-test";
		};
		9B864F612A6A7B0B002E7C31 /* SwiftUITestProjectUITests */ = {
			isa = PBXNativeTarget;
			buildConfigurationList = 9B864F722A6A7B0B002E7C31 /* Build configuration list for PBXNativeTarget "SwiftUITestProjectUITests" */;
			buildPhases = (
				9B864F5E2A6A7B0B002E7C31 /* Sources */,
				9B864F5F2A6A7B0B002E7C31 /* Frameworks */,
				9B864F602A6A7B0B002E7C31 /* Resources */,
			);
			buildRules = (
			);
			dependencies = (
				9B864F642A6A7B0B002E7C31 /* PBXTargetDependency */,
			);
			name = SwiftUITestProjectUITests;
			productName = SwiftUITestProjectUITests;
			productReference = 9B864F622A6A7B0B002E7C31 /* SwiftUITestProjectUITests.xctest */;
			productType = "com.apple.product-type.bundle.ui-testing";
		};
/* End PBXNativeTarget section */

/* Begin PBXProject section */
		9B864F402A6A7B09002E7C31 /* Project object */ = {
			isa = PBXProject;
			attributes = {
				BuildIndependentTargetsInParallel = 1;
				LastSwiftUpdateCheck = 1430;
				LastUpgradeCheck = 1430;
				TargetAttributes = {
					9B864F472A6A7B09002E7C31 = {
						CreatedOnToolsVersion = 14.3;
					};
					9B864F572A6A7B0B002E7C31 = {
						CreatedOnToolsVersion = 14.3;
						TestTargetID = 9B864F472A6A7B09002E7C31;
					};
					9B864F612A6A7B0B002E7C31 = {
						CreatedOnToolsVersion = 14.3;
						TestTargetID = 9B864F472A6A7B09002E7C31;
					};
				};
			};
			buildConfigurationList = 9B864F432A6A7B09002E7C31 /* Build configuration list for PBXProject "SwiftUITestProject" */;
			compatibilityVersion = "Xcode 14.0";
			developmentRegion = en;
			hasScannedForEncodings = 0;
			knownRegions = (
				en,
				Base,
			);
			mainGroup = 9B864F3F2A6A7B09002E7C31;
			productRefGroup = 9B864F492A6A7B09002E7C31 /* Products */;
			projectDirPath = "";
			projectRoot = "";
			targets = (
				9B864F472A6A7B09002E7C31 /* SwiftUITestProject */,
				9B864F572A6A7B0B002E7C31 /* SwiftUITestProjectTests */,
				9B864F612A6A7B0B002E7C31 /* SwiftUITestProjectUITests */,
			);
		};
/* End PBXProject section */

/* Begin PBXResourcesBuildPhase section */
		9B864F462A6A7B09002E7C31 /* Resources */ = {
			isa = PBXResourcesBuildPhase;
			buildActionMask = 2147483647;
			files = (
				9B864F532A6A7B0A002E7C31 /* Preview Assets.xcassets in Resources */,
				9B864F502A6A7B0A002E7C31 /* Assets.xcassets in Resources */,
			);
			runOnlyForDeploymentPostprocessing = 0;
		};
		9B864F562A6A7B0B002E7C31 /* Resources */ = {
			isa = PBXResourcesBuildPhase;
			buildActionMask = 2147483647;
			files = (
			);
			runOnlyForDeploymentPostprocessing = 0;
		};
		9B864F602A6A7B0B002E7C31 /* Resources */ = {
			isa = PBXResourcesBuildPhase;
			buildActionMask = 2147483647;
			files = (
			);
			runOnlyForDeploymentPostprocessing = 0;
		};
/* End PBXResourcesBuildPhase section */

/* Begin PBXSourcesBuildPhase section */
		9B864F442A6A7B09002E7C31 /* Sources */ = {
			isa = PBXSourcesBuildPhase;
			buildActionMask = 2147483647;
			files = (
				9B30AA5E2A75230A00A8A1FD /* MaskTest.swift in Sources */,
				9B09B3EE2A6E995C002B4DA3 /* ShowingView.swift in Sources */,
				9B864F4E2A6A7B09002E7C31 /* ContentView.swift in Sources */,
				9B7144AE2A9CD25700D7B21D /* CustomTabView.swift in Sources */,
				9B864F7B2A6AA19E002E7C31 /* Message.swift in Sources */,
				9B864F792A6AA15F002E7C31 /* MessageDetail.swift in Sources */,
				9B09B3F22A6E998C002B4DA3 /* TestCustomShape.swift in Sources */,
				9B6357342A7943FB00098F98 /* monospaced.swift in Sources */,
				9B88A3A62A6F7D2B0061A182 /* ClippedTest.swift in Sources */,
				9B78F8BE2A8D164900207C98 /* HierarchyUpdateTestView.swift in Sources */,
				9B864F4C2A6A7B09002E7C31 /* SwiftUITestProjectApp.swift in Sources */,
				9B09B3F52A6EBBEB002B4DA3 /* IdModifierTest.swift in Sources */,
			);
			runOnlyForDeploymentPostprocessing = 0;
		};
		9B864F542A6A7B0B002E7C31 /* Sources */ = {
			isa = PBXSourcesBuildPhase;
			buildActionMask = 2147483647;
			files = (
				9B864F5D2A6A7B0B002E7C31 /* SwiftUITestProjectTests.swift in Sources */,
			);
			runOnlyForDeploymentPostprocessing = 0;
		};
		9B864F5E2A6A7B0B002E7C31 /* Sources */ = {
			isa = PBXSourcesBuildPhase;
			buildActionMask = 2147483647;
			files = (
				9B864F692A6A7B0B002E7C31 /* SwiftUITestProjectUITestsLaunchTests.swift in Sources */,
				9B864F672A6A7B0B002E7C31 /* SwiftUITestProjectUITests.swift in Sources */,
			);
			runOnlyForDeploymentPostprocessing = 0;
		};
/* End PBXSourcesBuildPhase section */

/* Begin PBXTargetDependency section */
		9B864F5A2A6A7B0B002E7C31 /* PBXTargetDependency */ = {
			isa = PBXTargetDependency;
			target = 9B864F472A6A7B09002E7C31 /* SwiftUITestProject */;
			targetProxy = 9B864F592A6A7B0B002E7C31 /* PBXContainerItemProxy */;
		};
		9B864F642A6A7B0B002E7C31 /* PBXTargetDependency */ = {
			isa = PBXTargetDependency;
			target = 9B864F472A6A7B09002E7C31 /* SwiftUITestProject */;
			targetProxy = 9B864F632A6A7B0B002E7C31 /* PBXContainerItemProxy */;
		};
/* End PBXTargetDependency section */

/* Begin XCBuildConfiguration section */
		9B864F6A2A6A7B0B002E7C31 /* Debug */ = {
			isa = XCBuildConfiguration;
			buildSettings = {
				ALWAYS_SEARCH_USER_PATHS = NO;
				CLANG_ANALYZER_NONNULL = YES;
				CLANG_ANALYZER_NUMBER_OBJECT_CONVERSION = YES_AGGRESSIVE;
				CLANG_CXX_LANGUAGE_STANDARD = "gnu++20";
				CLANG_ENABLE_MODULES = YES;
				CLANG_ENABLE_OBJC_ARC = YES;
				CLANG_ENABLE_OBJC_WEAK = YES;
				CLANG_WARN_BLOCK_CAPTURE_AUTORELEASING = YES;
				CLANG_WARN_BOOL_CONVERSION = YES;
				CLANG_WARN_COMMA = YES;
				CLANG_WARN_CONSTANT_CONVERSION = YES;
				CLANG_WARN_DEPRECATED_OBJC_IMPLEMENTATIONS = YES;
				CLANG_WARN_DIRECT_OBJC_ISA_USAGE = YES_ERROR;
				CLANG_WARN_DOCUMENTATION_COMMENTS = YES;
				CLANG_WARN_EMPTY_BODY = YES;
				CLANG_WARN_ENUM_CONVERSION = YES;
				CLANG_WARN_INFINITE_RECURSION = YES;
				CLANG_WARN_INT_CONVERSION = YES;
				CLANG_WARN_NON_LITERAL_NULL_CONVERSION = YES;
				CLANG_WARN_OBJC_IMPLICIT_RETAIN_SELF = YES;
				CLANG_WARN_OBJC_LITERAL_CONVERSION = YES;
				CLANG_WARN_OBJC_ROOT_CLASS = YES_ERROR;
				CLANG_WARN_QUOTED_INCLUDE_IN_FRAMEWORK_HEADER = YES;
				CLANG_WARN_RANGE_LOOP_ANALYSIS = YES;
				CLANG_WARN_STRICT_PROTOTYPES = YES;
				CLANG_WARN_SUSPICIOUS_MOVE = YES;
				CLANG_WARN_UNGUARDED_AVAILABILITY = YES_AGGRESSIVE;
				CLANG_WARN_UNREACHABLE_CODE = YES;
				CLANG_WARN__DUPLICATE_METHOD_MATCH = YES;
				COPY_PHASE_STRIP = NO;
				DEBUG_INFORMATION_FORMAT = dwarf;
				ENABLE_STRICT_OBJC_MSGSEND = YES;
				ENABLE_TESTABILITY = YES;
				GCC_C_LANGUAGE_STANDARD = gnu11;
				GCC_DYNAMIC_NO_PIC = NO;
				GCC_NO_COMMON_BLOCKS = YES;
				GCC_OPTIMIZATION_LEVEL = 0;
				GCC_PREPROCESSOR_DEFINITIONS = (
					"DEBUG=1",
					"$(inherited)",
				);
				GCC_WARN_64_TO_32_BIT_CONVERSION = YES;
				GCC_WARN_ABOUT_RETURN_TYPE = YES_ERROR;
				GCC_WARN_UNDECLARED_SELECTOR = YES;
				GCC_WARN_UNINITIALIZED_AUTOS = YES_AGGRESSIVE;
				GCC_WARN_UNUSED_FUNCTION = YES;
				GCC_WARN_UNUSED_VARIABLE = YES;
				IPHONEOS_DEPLOYMENT_TARGET = 16.4;
				MTL_ENABLE_DEBUG_INFO = INCLUDE_SOURCE;
				MTL_FAST_MATH = YES;
				ONLY_ACTIVE_ARCH = YES;
				SDKROOT = iphoneos;
				SWIFT_ACTIVE_COMPILATION_CONDITIONS = DEBUG;
				SWIFT_OPTIMIZATION_LEVEL = "-Onone";
			};
			name = Debug;
		};
		9B864F6B2A6A7B0B002E7C31 /* Release */ = {
			isa = XCBuildConfiguration;
			buildSettings = {
				ALWAYS_SEARCH_USER_PATHS = NO;
				CLANG_ANALYZER_NONNULL = YES;
				CLANG_ANALYZER_NUMBER_OBJECT_CONVERSION = YES_AGGRESSIVE;
				CLANG_CXX_LANGUAGE_STANDARD = "gnu++20";
				CLANG_ENABLE_MODULES = YES;
				CLANG_ENABLE_OBJC_ARC = YES;
				CLANG_ENABLE_OBJC_WEAK = YES;
				CLANG_WARN_BLOCK_CAPTURE_AUTORELEASING = YES;
				CLANG_WARN_BOOL_CONVERSION = YES;
				CLANG_WARN_COMMA = YES;
				CLANG_WARN_CONSTANT_CONVERSION = YES;
				CLANG_WARN_DEPRECATED_OBJC_IMPLEMENTATIONS = YES;
				CLANG_WARN_DIRECT_OBJC_ISA_USAGE = YES_ERROR;
				CLANG_WARN_DOCUMENTATION_COMMENTS = YES;
				CLANG_WARN_EMPTY_BODY = YES;
				CLANG_WARN_ENUM_CONVERSION = YES;
				CLANG_WARN_INFINITE_RECURSION = YES;
				CLANG_WARN_INT_CONVERSION = YES;
				CLANG_WARN_NON_LITERAL_NULL_CONVERSION = YES;
				CLANG_WARN_OBJC_IMPLICIT_RETAIN_SELF = YES;
				CLANG_WARN_OBJC_LITERAL_CONVERSION = YES;
				CLANG_WARN_OBJC_ROOT_CLASS = YES_ERROR;
				CLANG_WARN_QUOTED_INCLUDE_IN_FRAMEWORK_HEADER = YES;
				CLANG_WARN_RANGE_LOOP_ANALYSIS = YES;
				CLANG_WARN_STRICT_PROTOTYPES = YES;
				CLANG_WARN_SUSPICIOUS_MOVE = YES;
				CLANG_WARN_UNGUARDED_AVAILABILITY = YES_AGGRESSIVE;
				CLANG_WARN_UNREACHABLE_CODE = YES;
				CLANG_WARN__DUPLICATE_METHOD_MATCH = YES;
				COPY_PHASE_STRIP = NO;
				DEBUG_INFORMATION_FORMAT = "dwarf-with-dsym";
				ENABLE_NS_ASSERTIONS = NO;
				ENABLE_STRICT_OBJC_MSGSEND = YES;
				GCC_C_LANGUAGE_STANDARD = gnu11;
				GCC_NO_COMMON_BLOCKS = YES;
				GCC_WARN_64_TO_32_BIT_CONVERSION = YES;
				GCC_WARN_ABOUT_RETURN_TYPE = YES_ERROR;
				GCC_WARN_UNDECLARED_SELECTOR = YES;
				GCC_WARN_UNINITIALIZED_AUTOS = YES_AGGRESSIVE;
				GCC_WARN_UNUSED_FUNCTION = YES;
				GCC_WARN_UNUSED_VARIABLE = YES;
				IPHONEOS_DEPLOYMENT_TARGET = 16.4;
				MTL_ENABLE_DEBUG_INFO = NO;
				MTL_FAST_MATH = YES;
				SDKROOT = iphoneos;
				SWIFT_COMPILATION_MODE = wholemodule;
				SWIFT_OPTIMIZATION_LEVEL = "-O";
				VALIDATE_PRODUCT = YES;
			};
			name = Release;
		};
		9B864F6D2A6A7B0B002E7C31 /* Debug */ = {
			isa = XCBuildConfiguration;
			buildSettings = {
				ASSETCATALOG_COMPILER_APPICON_NAME = AppIcon;
				ASSETCATALOG_COMPILER_GLOBAL_ACCENT_COLOR_NAME = AccentColor;
				CODE_SIGN_STYLE = Automatic;
				CURRENT_PROJECT_VERSION = 1;
				DEVELOPMENT_ASSET_PATHS = "\"SwiftUITestProject/Preview Content\"";
				DEVELOPMENT_TEAM = XHRN62S9RK;
				ENABLE_PREVIEWS = YES;
				GENERATE_INFOPLIST_FILE = YES;
				INFOPLIST_KEY_UIApplicationSceneManifest_Generation = YES;
				INFOPLIST_KEY_UIApplicationSupportsIndirectInputEvents = YES;
				INFOPLIST_KEY_UILaunchScreen_Generation = YES;
				INFOPLIST_KEY_UISupportedInterfaceOrientations_iPad = "UIInterfaceOrientationPortrait UIInterfaceOrientationPortraitUpsideDown UIInterfaceOrientationLandscapeLeft UIInterfaceOrientationLandscapeRight";
				INFOPLIST_KEY_UISupportedInterfaceOrientations_iPhone = "UIInterfaceOrientationPortrait UIInterfaceOrientationLandscapeLeft UIInterfaceOrientationLandscapeRight";
				LD_RUNPATH_SEARCH_PATHS = (
					"$(inherited)",
					"@executable_path/Frameworks",
				);
				MARKETING_VERSION = 1.0;
				PRODUCT_BUNDLE_IDENTIFIER = choijunyeong.SwiftUITestProject;
				PRODUCT_NAME = "$(TARGET_NAME)";
				SWIFT_EMIT_LOC_STRINGS = YES;
				SWIFT_VERSION = 5.0;
				TARGETED_DEVICE_FAMILY = "1,2";
			};
			name = Debug;
		};
		9B864F6E2A6A7B0B002E7C31 /* Release */ = {
			isa = XCBuildConfiguration;
			buildSettings = {
				ASSETCATALOG_COMPILER_APPICON_NAME = AppIcon;
				ASSETCATALOG_COMPILER_GLOBAL_ACCENT_COLOR_NAME = AccentColor;
				CODE_SIGN_STYLE = Automatic;
				CURRENT_PROJECT_VERSION = 1;
				DEVELOPMENT_ASSET_PATHS = "\"SwiftUITestProject/Preview Content\"";
				DEVELOPMENT_TEAM = XHRN62S9RK;
				ENABLE_PREVIEWS = YES;
				GENERATE_INFOPLIST_FILE = YES;
				INFOPLIST_KEY_UIApplicationSceneManifest_Generation = YES;
				INFOPLIST_KEY_UIApplicationSupportsIndirectInputEvents = YES;
				INFOPLIST_KEY_UILaunchScreen_Generation = YES;
				INFOPLIST_KEY_UISupportedInterfaceOrientations_iPad = "UIInterfaceOrientationPortrait UIInterfaceOrientationPortraitUpsideDown UIInterfaceOrientationLandscapeLeft UIInterfaceOrientationLandscapeRight";
				INFOPLIST_KEY_UISupportedInterfaceOrientations_iPhone = "UIInterfaceOrientationPortrait UIInterfaceOrientationLandscapeLeft UIInterfaceOrientationLandscapeRight";
				LD_RUNPATH_SEARCH_PATHS = (
					"$(inherited)",
					"@executable_path/Frameworks",
				);
				MARKETING_VERSION = 1.0;
				PRODUCT_BUNDLE_IDENTIFIER = choijunyeong.SwiftUITestProject;
				PRODUCT_NAME = "$(TARGET_NAME)";
				SWIFT_EMIT_LOC_STRINGS = YES;
				SWIFT_VERSION = 5.0;
				TARGETED_DEVICE_FAMILY = "1,2";
			};
			name = Release;
		};
		9B864F702A6A7B0B002E7C31 /* Debug */ = {
			isa = XCBuildConfiguration;
			buildSettings = {
				ALWAYS_EMBED_SWIFT_STANDARD_LIBRARIES = YES;
				BUNDLE_LOADER = "$(TEST_HOST)";
				CODE_SIGN_STYLE = Automatic;
				CURRENT_PROJECT_VERSION = 1;
				DEVELOPMENT_TEAM = XHRN62S9RK;
				GENERATE_INFOPLIST_FILE = YES;
				IPHONEOS_DEPLOYMENT_TARGET = 16.4;
				MARKETING_VERSION = 1.0;
				PRODUCT_BUNDLE_IDENTIFIER = choijunyeong.SwiftUITestProjectTests;
				PRODUCT_NAME = "$(TARGET_NAME)";
				SWIFT_EMIT_LOC_STRINGS = NO;
				SWIFT_VERSION = 5.0;
				TARGETED_DEVICE_FAMILY = "1,2";
				TEST_HOST = "$(BUILT_PRODUCTS_DIR)/SwiftUITestProject.app/$(BUNDLE_EXECUTABLE_FOLDER_PATH)/SwiftUITestProject";
			};
			name = Debug;
		};
		9B864F712A6A7B0B002E7C31 /* Release */ = {
			isa = XCBuildConfiguration;
			buildSettings = {
				ALWAYS_EMBED_SWIFT_STANDARD_LIBRARIES = YES;
				BUNDLE_LOADER = "$(TEST_HOST)";
				CODE_SIGN_STYLE = Automatic;
				CURRENT_PROJECT_VERSION = 1;
				DEVELOPMENT_TEAM = XHRN62S9RK;
				GENERATE_INFOPLIST_FILE = YES;
				IPHONEOS_DEPLOYMENT_TARGET = 16.4;
				MARKETING_VERSION = 1.0;
				PRODUCT_BUNDLE_IDENTIFIER = choijunyeong.SwiftUITestProjectTests;
				PRODUCT_NAME = "$(TARGET_NAME)";
				SWIFT_EMIT_LOC_STRINGS = NO;
				SWIFT_VERSION = 5.0;
				TARGETED_DEVICE_FAMILY = "1,2";
				TEST_HOST = "$(BUILT_PRODUCTS_DIR)/SwiftUITestProject.app/$(BUNDLE_EXECUTABLE_FOLDER_PATH)/SwiftUITestProject";
			};
			name = Release;
		};
		9B864F732A6A7B0B002E7C31 /* Debug */ = {
			isa = XCBuildConfiguration;
			buildSettings = {
				ALWAYS_EMBED_SWIFT_STANDARD_LIBRARIES = YES;
				CODE_SIGN_STYLE = Automatic;
				CURRENT_PROJECT_VERSION = 1;
				DEVELOPMENT_TEAM = XHRN62S9RK;
				GENERATE_INFOPLIST_FILE = YES;
				MARKETING_VERSION = 1.0;
				PRODUCT_BUNDLE_IDENTIFIER = choijunyeong.SwiftUITestProjectUITests;
				PRODUCT_NAME = "$(TARGET_NAME)";
				SWIFT_EMIT_LOC_STRINGS = NO;
				SWIFT_VERSION = 5.0;
				TARGETED_DEVICE_FAMILY = "1,2";
				TEST_TARGET_NAME = SwiftUITestProject;
			};
			name = Debug;
		};
		9B864F742A6A7B0B002E7C31 /* Release */ = {
			isa = XCBuildConfiguration;
			buildSettings = {
				ALWAYS_EMBED_SWIFT_STANDARD_LIBRARIES = YES;
				CODE_SIGN_STYLE = Automatic;
				CURRENT_PROJECT_VERSION = 1;
				DEVELOPMENT_TEAM = XHRN62S9RK;
				GENERATE_INFOPLIST_FILE = YES;
				MARKETING_VERSION = 1.0;
				PRODUCT_BUNDLE_IDENTIFIER = choijunyeong.SwiftUITestProjectUITests;
				PRODUCT_NAME = "$(TARGET_NAME)";
				SWIFT_EMIT_LOC_STRINGS = NO;
				SWIFT_VERSION = 5.0;
				TARGETED_DEVICE_FAMILY = "1,2";
				TEST_TARGET_NAME = SwiftUITestProject;
			};
			name = Release;
		};
/* End XCBuildConfiguration section */

/* Begin XCConfigurationList section */
		9B864F432A6A7B09002E7C31 /* Build configuration list for PBXProject "SwiftUITestProject" */ = {
			isa = XCConfigurationList;
			buildConfigurations = (
				9B864F6A2A6A7B0B002E7C31 /* Debug */,
				9B864F6B2A6A7B0B002E7C31 /* Release */,
			);
			defaultConfigurationIsVisible = 0;
			defaultConfigurationName = Release;
		};
		9B864F6C2A6A7B0B002E7C31 /* Build configuration list for PBXNativeTarget "SwiftUITestProject" */ = {
			isa = XCConfigurationList;
			buildConfigurations = (
				9B864F6D2A6A7B0B002E7C31 /* Debug */,
				9B864F6E2A6A7B0B002E7C31 /* Release */,
			);
			defaultConfigurationIsVisible = 0;
			defaultConfigurationName = Release;
		};
		9B864F6F2A6A7B0B002E7C31 /* Build configuration list for PBXNativeTarget "SwiftUITestProjectTests" */ = {
			isa = XCConfigurationList;
			buildConfigurations = (
				9B864F702A6A7B0B002E7C31 /* Debug */,
				9B864F712A6A7B0B002E7C31 /* Release */,
			);
			defaultConfigurationIsVisible = 0;
			defaultConfigurationName = Release;
		};
		9B864F722A6A7B0B002E7C31 /* Build configuration list for PBXNativeTarget "SwiftUITestProjectUITests" */ = {
			isa = XCConfigurationList;
			buildConfigurations = (
				9B864F732A6A7B0B002E7C31 /* Debug */,
				9B864F742A6A7B0B002E7C31 /* Release */,
			);
			defaultConfigurationIsVisible = 0;
			defaultConfigurationName = Release;
		};
/* End XCConfigurationList section */
	};
	rootObject = 9B864F402A6A7B09002E7C31 /* Project object */;
}
